// !$*UTF8*$!
{
	archiveVersion = 1;
	classes = {
	};
	objectVersion = 55;
	objects = {

/* Begin PBXBuildFile section */
		2C65855127B6C70600A45164 /* AppDelegate.swift in Sources */ = {isa = PBXBuildFile; fileRef = 2C65855027B6C70600A45164 /* AppDelegate.swift */; };
		2C65855327B6C70600A45164 /* SceneDelegate.swift in Sources */ = {isa = PBXBuildFile; fileRef = 2C65855227B6C70600A45164 /* SceneDelegate.swift */; };
		2C65855527B6C70600A45164 /* ViewController.swift in Sources */ = {isa = PBXBuildFile; fileRef = 2C65855427B6C70600A45164 /* ViewController.swift */; };
		2C65855827B6C70600A45164 /* Main.storyboard in Resources */ = {isa = PBXBuildFile; fileRef = 2C65855627B6C70600A45164 /* Main.storyboard */; };
		2C65855A27B6C70800A45164 /* Assets.xcassets in Resources */ = {isa = PBXBuildFile; fileRef = 2C65855927B6C70800A45164 /* Assets.xcassets */; };
		2C65855D27B6C70800A45164 /* LaunchScreen.storyboard in Resources */ = {isa = PBXBuildFile; fileRef = 2C65855B27B6C70800A45164 /* LaunchScreen.storyboard */; };
		2C65856727B6F01700A45164 /* Question.swift in Sources */ = {isa = PBXBuildFile; fileRef = 2C65856627B6F01700A45164 /* Question.swift */; };
		2C65856B27B6F06800A45164 /* QuizBrain.swift in Sources */ = {isa = PBXBuildFile; fileRef = 2C65856A27B6F06800A45164 /* QuizBrain.swift */; };
/* End PBXBuildFile section */

/* Begin PBXFileReference section */
		2C65854D27B6C70600A45164 /* Multiple-Choice-Quiz.app */ = {isa = PBXFileReference; explicitFileType = wrapper.application; includeInIndex = 0; path = "Multiple-Choice-Quiz.app"; sourceTree = BUILT_PRODUCTS_DIR; };
		2C65855027B6C70600A45164 /* AppDelegate.swift */ = {isa = PBXFileReference; lastKnownFileType = sourcecode.swift; path = AppDelegate.swift; sourceTree = "<group>"; };
		2C65855227B6C70600A45164 /* SceneDelegate.swift */ = {isa = PBXFileReference; lastKnownFileType = sourcecode.swift; path = SceneDelegate.swift; sourceTree = "<group>"; };
		2C65855427B6C70600A45164 /* ViewController.swift */ = {isa = PBXFileReference; lastKnownFileType = sourcecode.swift; path = ViewController.swift; sourceTree = "<group>"; };
		2C65855727B6C70600A45164 /* Base */ = {isa = PBXFileReference; lastKnownFileType = file.storyboard; name = Base; path = Base.lproj/Main.storyboard; sourceTree = "<group>"; };
		2C65855927B6C70800A45164 /* Assets.xcassets */ = {isa = PBXFileReference; lastKnownFileType = folder.assetcatalog; path = Assets.xcassets; sourceTree = "<group>"; };
		2C65855C27B6C70800A45164 /* Base */ = {isa = PBXFileReference; lastKnownFileType = file.storyboard; name = Base; path = Base.lproj/LaunchScreen.storyboard; sourceTree = "<group>"; };
		2C65855E27B6C70800A45164 /* Info.plist */ = {isa = PBXFileReference; lastKnownFileType = text.plist.xml; path = Info.plist; sourceTree = "<group>"; };
		2C65856627B6F01700A45164 /* Question.swift */ = {isa = PBXFileReference; lastKnownFileType = sourcecode.swift; path = Question.swift; sourceTree = "<group>"; };
		2C65856A27B6F06800A45164 /* QuizBrain.swift */ = {isa = PBXFileReference; lastKnownFileType = sourcecode.swift; path = QuizBrain.swift; sourceTree = "<group>"; };
/* End PBXFileReference section */

/* Begin PBXFrameworksBuildPhase section */
		2C65854A27B6C70600A45164 /* Frameworks */ = {
			isa = PBXFrameworksBuildPhase;
			buildActionMask = 2147483647;
			files = (
			);
			runOnlyForDeploymentPostprocessing = 0;
		};
/* End PBXFrameworksBuildPhase section */

/* Begin PBXGroup section */
		2C65854427B6C70600A45164 = {
			isa = PBXGroup;
			children = (
				2C65854F27B6C70600A45164 /* Multiple-Choice-Quiz */,
				2C65854E27B6C70600A45164 /* Products */,
			);
			sourceTree = "<group>";
		};
		2C65854E27B6C70600A45164 /* Products */ = {
			isa = PBXGroup;
			children = (
				2C65854D27B6C70600A45164 /* Multiple-Choice-Quiz.app */,
			);
			name = Products;
			sourceTree = "<group>";
		};
		2C65854F27B6C70600A45164 /* Multiple-Choice-Quiz */ = {
			isa = PBXGroup;
			children = (
				2C65855027B6C70600A45164 /* AppDelegate.swift */,
				2C65855227B6C70600A45164 /* SceneDelegate.swift */,
				2C65856827B6F02E00A45164 /* Model */,
				2C65856427B6EFD100A45164 /* View */,
				2C65856527B6EFDE00A45164 /* Controller */,
				2C65855927B6C70800A45164 /* Assets.xcassets */,
				2C65855B27B6C70800A45164 /* LaunchScreen.storyboard */,
				2C65855E27B6C70800A45164 /* Info.plist */,
			);
			path = "Multiple-Choice-Quiz";
			sourceTree = "<group>";
		};
		2C65856427B6EFD100A45164 /* View */ = {
			isa = PBXGroup;
			children = (
				2C65855627B6C70600A45164 /* Main.storyboard */,
			);
			path = View;
			sourceTree = "<group>";
		};
		2C65856527B6EFDE00A45164 /* Controller */ = {
			isa = PBXGroup;
			children = (
				2C65855427B6C70600A45164 /* ViewController.swift */,
			);
			path = Controller;
			sourceTree = "<group>";
		};
		2C65856827B6F02E00A45164 /* Model */ = {
			isa = PBXGroup;
			children = (
				2C65856627B6F01700A45164 /* Question.swift */,
				2C65856A27B6F06800A45164 /* QuizBrain.swift */,
			);
			path = Model;
			sourceTree = "<group>";
		};
/* End PBXGroup section */

/* Begin PBXNativeTarget section */
		2C65854C27B6C70600A45164 /* Multiple-Choice-Quiz */ = {
			isa = PBXNativeTarget;
			buildConfigurationList = 2C65856127B6C70800A45164 /* Build configuration list for PBXNativeTarget "Multiple-Choice-Quiz" */;
			buildPhases = (
				2C65854927B6C70600A45164 /* Sources */,
				2C65854A27B6C70600A45164 /* Frameworks */,
				2C65854B27B6C70600A45164 /* Resources */,
			);
			buildRules = (
			);
			dependencies = (
			);
			name = "Multiple-Choice-Quiz";
			productName = "Multiple-Choice-Quiz";
			productReference = 2C65854D27B6C70600A45164 /* Multiple-Choice-Quiz.app */;
			productType = "com.apple.product-type.application";
		};
/* End PBXNativeTarget section */

/* Begin PBXProject section */
		2C65854527B6C70600A45164 /* Project object */ = {
			isa = PBXProject;
			attributes = {
				BuildIndependentTargetsInParallel = 1;
				LastSwiftUpdateCheck = 1320;
				LastUpgradeCheck = 1320;
				TargetAttributes = {
					2C65854C27B6C70600A45164 = {
						CreatedOnToolsVersion = 13.2.1;
					};
				};
			};
			buildConfigurationList = 2C65854827B6C70600A45164 /* Build configuration list for PBXProject "Multiple-Choice-Quiz" */;
			compatibilityVersion = "Xcode 13.0";
			developmentRegion = en;
			hasScannedForEncodings = 0;
			knownRegions = (
				en,
				Base,
			);
			mainGroup = 2C65854427B6C70600A45164;
			productRefGroup = 2C65854E27B6C70600A45164 /* Products */;
			projectDirPath = "";
			projectRoot = "";
			targets = (
				2C65854C27B6C70600A45164 /* Multiple-Choice-Quiz */,
			);
		};
/* End PBXProject section */

/* Begin PBXResourcesBuildPhase section */
		2C65854B27B6C70600A45164 /* Resources */ = {
			isa = PBXResourcesBuildPhase;
			buildActionMask = 2147483647;
			files = (
				2C65855D27B6C70800A45164 /* LaunchScreen.storyboard in Resources */,
				2C65855A27B6C70800A45164 /* Assets.xcassets in Resources */,
				2C65855827B6C70600A45164 /* Main.storyboard in Resources */,
			);
			runOnlyForDeploymentPostprocessing = 0;
		};
/* End PBXResourcesBuildPhase section */

/* Begin PBXSourcesBuildPhase section */
		2C65854927B6C70600A45164 /* Sources */ = {
			isa = PBXSourcesBuildPhase;
			buildActionMask = 2147483647;
			files = (
				2C65856B27B6F06800A45164 /* QuizBrain.swift in Sources */,
				2C65855527B6C70600A45164 /* ViewController.swift in Sources */,
				2C65856727B6F01700A45164 /* Question.swift in Sources */,
				2C65855127B6C70600A45164 /* AppDelegate.swift in Sources */,
				2C65855327B6C70600A45164 /* SceneDelegate.swift in Sources */,
			);
			runOnlyForDeploymentPostprocessing = 0;
		};
/* End PBXSourcesBuildPhase section */

/* Begin PBXVariantGroup section */
		2C65855627B6C70600A45164 /* Main.storyboard */ = {
			isa = PBXVariantGroup;
			children = (
				2C65855727B6C70600A45164 /* Base */,
			);
			name = Main.storyboard;
			sourceTree = "<group>";
		};
		2C65855B27B6C70800A45164 /* LaunchScreen.storyboard */ = {
			isa = PBXVariantGroup;
			children = (
				2C65855C27B6C70800A45164 /* Base */,
			);
			name = LaunchScreen.storyboard;
			sourceTree = "<group>";
		};
/* End PBXVariantGroup section */

/* Begin XCBuildConfiguration section */
		2C65855F27B6C70800A45164 /* Debug */ = {
			isa = XCBuildConfiguration;
			buildSettings = {
				ALWAYS_SEARCH_USER_PATHS = NO;
				CLANG_ANALYZER_NONNULL = YES;
				CLANG_ANALYZER_NUMBER_OBJECT_CONVERSION = YES_AGGRESSIVE;
				CLANG_CXX_LANGUAGE_STANDARD = "gnu++17";
				CLANG_CXX_LIBRARY = "libc++";
				CLANG_ENABLE_MODULES = YES;
				CLANG_ENABLE_OBJC_ARC = YES;
				CLANG_ENABLE_OBJC_WEAK = YES;
				CLANG_WARN_BLOCK_CAPTURE_AUTORELEASING = YES;
				CLANG_WARN_BOOL_CONVERSION = YES;
				CLANG_WARN_COMMA = YES;
				CLANG_WARN_CONSTANT_CONVERSION = YES;
				CLANG_WARN_DEPRECATED_OBJC_IMPLEMENTATIONS = YES;
				CLANG_WARN_DIRECT_OBJC_ISA_USAGE = YES_ERROR;
				CLANG_WARN_DOCUMENTATION_COMMENTS = YES;
				CLANG_WARN_EMPTY_BODY = YES;
				CLANG_WARN_ENUM_CONVERSION = YES;
				CLANG_WARN_INFINITE_RECURSION = YES;
				CLANG_WARN_INT_CONVERSION = YES;
				CLANG_WARN_NON_LITERAL_NULL_CONVERSION = YES;
				CLANG_WARN_OBJC_IMPLICIT_RETAIN_SELF = YES;
				CLANG_WARN_OBJC_LITERAL_CONVERSION = YES;
				CLANG_WARN_OBJC_ROOT_CLASS = YES_ERROR;
				CLANG_WARN_QUOTED_INCLUDE_IN_FRAMEWORK_HEADER = YES;
				CLANG_WARN_RANGE_LOOP_ANALYSIS = YES;
				CLANG_WARN_STRICT_PROTOTYPES = YES;
				CLANG_WARN_SUSPICIOUS_MOVE = YES;
				CLANG_WARN_UNGUARDED_AVAILABILITY = YES_AGGRESSIVE;
				CLANG_WARN_UNREACHABLE_CODE = YES;
				CLANG_WARN__DUPLICATE_METHOD_MATCH = YES;
				COPY_PHASE_STRIP = NO;
				DEBUG_INFORMATION_FORMAT = dwarf;
				ENABLE_STRICT_OBJC_MSGSEND = YES;
				ENABLE_TESTABILITY = YES;
				GCC_C_LANGUAGE_STANDARD = gnu11;
				GCC_DYNAMIC_NO_PIC = NO;
				GCC_NO_COMMON_BLOCKS = YES;
				GCC_OPTIMIZATION_LEVEL = 0;
				GCC_PREPROCESSOR_DEFINITIONS = (
					"DEBUG=1",
					"$(inherited)",
				);
				GCC_WARN_64_TO_32_BIT_CONVERSION = YES;
				GCC_WARN_ABOUT_RETURN_TYPE = YES_ERROR;
				GCC_WARN_UNDECLARED_SELECTOR = YES;
				GCC_WARN_UNINITIALIZED_AUTOS = YES_AGGRESSIVE;
				GCC_WARN_UNUSED_FUNCTION = YES;
				GCC_WARN_UNUSED_VARIABLE = YES;
				IPHONEOS_DEPLOYMENT_TARGET = 15.2;
				MTL_ENABLE_DEBUG_INFO = INCLUDE_SOURCE;
				MTL_FAST_MATH = YES;
				ONLY_ACTIVE_ARCH = YES;
				SDKROOT = iphoneos;
				SWIFT_ACTIVE_COMPILATION_CONDITIONS = DEBUG;
				SWIFT_OPTIMIZATION_LEVEL = "-Onone";
			};
			name = Debug;
		};
		2C65856027B6C70800A45164 /* Release */ = {
			isa = XCBuildConfiguration;
			buildSettings = {
				ALWAYS_SEARCH_USER_PATHS = NO;
				CLANG_ANALYZER_NONNULL = YES;
				CLANG_ANALYZER_NUMBER_OBJECT_CONVERSION = YES_AGGRESSIVE;
				CLANG_CXX_LANGUAGE_STANDARD = "gnu++17";
				CLANG_CXX_LIBRARY = "libc++";
				CLANG_ENABLE_MODULES = YES;
				CLANG_ENABLE_OBJC_ARC = YES;
				CLANG_ENABLE_OBJC_WEAK = YES;
				CLANG_WARN_BLOCK_CAPTURE_AUTORELEASING = YES;
				CLANG_WARN_BOOL_CONVERSION = YES;
				CLANG_WARN_COMMA = YES;
				CLANG_WARN_CONSTANT_CONVERSION = YES;
				CLANG_WARN_DEPRECATED_OBJC_IMPLEMENTATIONS = YES;
				CLANG_WARN_DIRECT_OBJC_ISA_USAGE = YES_ERROR;
				CLANG_WARN_DOCUMENTATION_COMMENTS = YES;
				CLANG_WARN_EMPTY_BODY = YES;
				CLANG_WARN_ENUM_CONVERSION = YES;
				CLANG_WARN_INFINITE_RECURSION = YES;
				CLANG_WARN_INT_CONVERSION = YES;
				CLANG_WARN_NON_LITERAL_NULL_CONVERSION = YES;
				CLANG_WARN_OBJC_IMPLICIT_RETAIN_SELF = YES;
				CLANG_WARN_OBJC_LITERAL_CONVERSION = YES;
				CLANG_WARN_OBJC_ROOT_CLASS = YES_ERROR;
				CLANG_WARN_QUOTED_INCLUDE_IN_FRAMEWORK_HEADER = YES;
				CLANG_WARN_RANGE_LOOP_ANALYSIS = YES;
				CLANG_WARN_STRICT_PROTOTYPES = YES;
				CLANG_WARN_SUSPICIOUS_MOVE = YES;
				CLANG_WARN_UNGUARDED_AVAILABILITY = YES_AGGRESSIVE;
				CLANG_WARN_UNREACHABLE_CODE = YES;
				CLANG_WARN__DUPLICATE_METHOD_MATCH = YES;
				COPY_PHASE_STRIP = NO;
				DEBUG_INFORMATION_FORMAT = "dwarf-with-dsym";
				ENABLE_NS_ASSERTIONS = NO;
				ENABLE_STRICT_OBJC_MSGSEND = YES;
				GCC_C_LANGUAGE_STANDARD = gnu11;
				GCC_NO_COMMON_BLOCKS = YES;
				GCC_WARN_64_TO_32_BIT_CONVERSION = YES;
				GCC_WARN_ABOUT_RETURN_TYPE = YES_ERROR;
				GCC_WARN_UNDECLARED_SELECTOR = YES;
				GCC_WARN_UNINITIALIZED_AUTOS = YES_AGGRESSIVE;
				GCC_WARN_UNUSED_FUNCTION = YES;
				GCC_WARN_UNUSED_VARIABLE = YES;
				IPHONEOS_DEPLOYMENT_TARGET = 15.2;
				MTL_ENABLE_DEBUG_INFO = NO;
				MTL_FAST_MATH = YES;
				SDKROOT = iphoneos;
				SWIFT_COMPILATION_MODE = wholemodule;
				SWIFT_OPTIMIZATION_LEVEL = "-O";
				VALIDATE_PRODUCT = YES;
			};
			name = Release;
		};
		2C65856227B6C70800A45164 /* Debug */ = {
			isa = XCBuildConfiguration;
			buildSettings = {
				ASSETCATALOG_COMPILER_APPICON_NAME = AppIcon;
				ASSETCATALOG_COMPILER_GLOBAL_ACCENT_COLOR_NAME = AccentColor;
				CODE_SIGN_STYLE = Automatic;
				CURRENT_PROJECT_VERSION = 1;
				GENERATE_INFOPLIST_FILE = YES;
				INFOPLIST_FILE = "Multiple-Choice-Quiz/Info.plist";
				INFOPLIST_KEY_UIApplicationSupportsIndirectInputEvents = YES;
				INFOPLIST_KEY_UILaunchStoryboardName = LaunchScreen;
				INFOPLIST_KEY_UIMainStoryboardFile = Main;
				INFOPLIST_KEY_UISupportedInterfaceOrientations = UIInterfaceOrientationPortrait;
				INFOPLIST_KEY_UISupportedInterfaceOrientations_iPad = "UIInterfaceOrientationPortrait UIInterfaceOrientationPortraitUpsideDown UIInterfaceOrientationLandscapeLeft UIInterfaceOrientationLandscapeRight";
				INFOPLIST_KEY_UISupportedInterfaceOrientations_iPhone = "UIInterfaceOrientationPortrait UIInterfaceOrientationLandscapeLeft UIInterfaceOrientationLandscapeRight";
				LD_RUNPATH_SEARCH_PATHS = (
					"$(inherited)",
					"@executable_path/Frameworks",
				);
				MARKETING_VERSION = 1.0;
				PRODUCT_BUNDLE_IDENTIFIER = "com.ms1.Multiple-Choice-Quiz";
				PRODUCT_NAME = "$(TARGET_NAME)";
				SWIFT_EMIT_LOC_STRINGS = YES;
				SWIFT_VERSION = 5.0;
				TARGETED_DEVICE_FAMILY = "1,2";
			};
			name = Debug;
		};
		2C65856327B6C70800A45164 /* Release */ = {
			isa = XCBuildConfiguration;
			buildSettings = {
				ASSETCATALOG_COMPILER_APPICON_NAME = AppIcon;
				ASSETCATALOG_COMPILER_GLOBAL_ACCENT_COLOR_NAME = AccentColor;
				CODE_SIGN_STYLE = Automatic;
				CURRENT_PROJECT_VERSION = 1;
				GENERATE_INFOPLIST_FILE = YES;
				INFOPLIST_FILE = "Multiple-Choice-Quiz/Info.plist";
				INFOPLIST_KEY_UIApplicationSupportsIndirectInputEvents = YES;
				INFOPLIST_KEY_UILaunchStoryboardName = LaunchScreen;
				INFOPLIST_KEY_UIMainStoryboardFile = Main;
				INFOPLIST_KEY_UISupportedInterfaceOrientations = UIInterfaceOrientationPortrait;
				INFOPLIST_KEY_UISupportedInterfaceOrientations_iPad = "UIInterfaceOrientationPortrait UIInterfaceOrientationPortraitUpsideDown UIInterfaceOrientationLandscapeLeft UIInterfaceOrientationLandscapeRight";
				INFOPLIST_KEY_UISupportedInterfaceOrientations_iPhone = "UIInterfaceOrientationPortrait UIInterfaceOrientationLandscapeLeft UIInterfaceOrientationLandscapeRight";
				LD_RUNPATH_SEARCH_PATHS = (
					"$(inherited)",
					"@executable_path/Frameworks",
				);
				MARKETING_VERSION = 1.0;
				PRODUCT_BUNDLE_IDENTIFIER = "com.ms1.Multiple-Choice-Quiz";
				PRODUCT_NAME = "$(TARGET_NAME)";
				SWIFT_EMIT_LOC_STRINGS = YES;
				SWIFT_VERSION = 5.0;
				TARGETED_DEVICE_FAMILY = "1,2";
			};
			name = Release;
		};
/* End XCBuildConfiguration section */

/* Begin XCConfigurationList section */
		2C65854827B6C70600A45164 /* Build configuration list for PBXProject "Multiple-Choice-Quiz" */ = {
			isa = XCConfigurationList;
			buildConfigurations = (
				2C65855F27B6C70800A45164 /* Debug */,
				2C65856027B6C70800A45164 /* Release */,
			);
			defaultConfigurationIsVisible = 0;
			defaultConfigurationName = Release;
		};
		2C65856127B6C70800A45164 /* Build configuration list for PBXNativeTarget "Multiple-Choice-Quiz" */ = {
			isa = XCConfigurationList;
			buildConfigurations = (
				2C65856227B6C70800A45164 /* Debug */,
				2C65856327B6C70800A45164 /* Release */,
			);
			defaultConfigurationIsVisible = 0;
			defaultConfigurationName = Release;
		};
/* End XCConfigurationList section */
	};
	rootObject = 2C65854527B6C70600A45164 /* Project object */;
}
